
Microsoft Visual Studio Solution File, Format Version 12.00
# Visual Studio Version 17
VisualStudioVersion = 17.13.35825.156 d17.13
MinimumVisualStudioVersion = 10.0.40219.1
Project("{FAE04EC0-301F-11D3-BF4B-00C04F79EFBC}") = "MAUI-Navigation", "MAUI-Navigation.csproj", "{DC6E7ABB-1C46-487D-A500-C46D2C8E9053}"
EndProject
Global
	GlobalSection(SolutionConfigurationPlatforms) = preSolution
		Debug|Any CPU = Debug|Any CPU
		Release|Any CPU = Release|Any CPU
	EndGlobalSection
	GlobalSection(ProjectConfigurationPlatforms) = postSolution
		{DC6E7ABB-1C46-487D-A500-C46D2C8E9053}.Debug|Any CPU.ActiveCfg = Debug|Any CPU
		{DC6E7ABB-1C46-487D-A500-C46D2C8E9053}.Debug|Any CPU.Build.0 = Debug|Any CPU
		{DC6E7ABB-1C46-487D-A500-C46D2C8E9053}.Debug|Any CPU.Deploy.0 = Debug|Any CPU
		{DC6E7ABB-1C46-487D-A500-C46D2C8E9053}.Release|Any CPU.ActiveCfg = Release|Any CPU
		{DC6E7ABB-1C46-487D-A500-C46D2C8E9053}.Release|Any CPU.Build.0 = Release|Any CPU
		{DC6E7ABB-1C46-487D-A500-C46D2C8E9053}.Release|Any CPU.Deploy.0 = Release|Any CPU
	EndGlobalSection
	GlobalSection(SolutionProperties) = preSolution
		HideSolutionNode = FALSE
	EndGlobalSection
	GlobalSection(ExtensibilityGlobals) = postSolution
		SolutionGuid = {3728613E-17D3-4771-BCBD-B0AC0D30DBA5}
	EndGlobalSection
EndGlobal
